{
  "version": 1,
  "dependencies": {
    "net6.0": {
      "coverlet.collector": {
        "type": "Direct",
        "requested": "[6.*, )",
        "resolved": "6.0.0",
        "contentHash": "tW3lsNS+dAEII6YGUX/VMoJjBS1QvsxqJeqLaJXub08y1FSjasFPtQ4UBUsudE9PNrzLjooClMsPtY2cZLdXpQ=="
      },
      "Microsoft.NET.Test.Sdk": {
        "type": "Direct",
        "requested": "[17.*, )",
        "resolved": "17.9.0",
        "contentHash": "7GUNAUbJYn644jzwLm5BD3a2p9C1dmP8Hr6fDPDxgItQk9hBs1Svdxzz07KQ/UphMSmgza9AbijBJGmw5D658A==",
        "dependencies": {
          "Microsoft.CodeCoverage": "17.9.0",
          "Microsoft.TestPlatform.TestHost": "17.9.0"
        }
      },
      "xunit": {
        "type": "Direct",
        "requested": "[2.*, )",
        "resolved": "2.7.0",
        "contentHash": "KcCI5zxh8zbUfQTeErc4oT7YokViVND2V0p4vDJ2VD4lhF9V5qCYMMDNixme7FdwYy3SwPHF+2xC2Dq4Z9GSlA==",
        "dependencies": {
          "xunit.analyzers": "1.11.0",
          "xunit.assert": "2.7.0",
          "xunit.core": "[2.7.0]"
        }
      },
      "xunit.runner.visualstudio": {
        "type": "Direct",
        "requested": "[2.*, )",
        "resolved": "2.5.7",
        "contentHash": "31Rl7dBJriX0DNwZfDp8gqFOPsiM0c9kqpcH/HvNi9vDp+K7Ydf42H7mVIvYT918Ywzn1ymLg1c4DDC6iU754w=="
      },
      "BouncyCastle.Cryptography": {
        "type": "Transitive",
        "resolved": "2.3.0",
        "contentHash": "IaVIiYxZLaBulveGDRUx/pBoW/Rc8QeXGF5u2E8xL8RWhVKCgfmtX9NUyGRbnSqnbFQU2zyP3MkXIdH+jUuQBw=="
      },
      "Microsoft.CodeCoverage": {
        "type": "Transitive",
        "resolved": "17.9.0",
        "contentHash": "RGD37ZSrratfScYXm7M0HjvxMxZyWZL4jm+XgMZbkIY1UPgjUpbNA/t+WTGj/rC/0Hm9A3IrH3ywbKZkOCnoZA=="
      },
      "Microsoft.Extensions.DependencyInjection.Abstractions": {
        "type": "Transitive",
        "resolved": "6.0.0",
        "contentHash": "xlzi2IYREJH3/m6+lUrQlujzX8wDitm4QGnUu6kUXTQAWPuZY8i+ticFJbzfqaetLA6KR/rO6Ew/HuYD+bxifg=="
      },
      "Microsoft.Extensions.Logging.Abstractions": {
        "type": "Transitive",
        "resolved": "6.0.4",
        "contentHash": "K14wYgwOfKVELrUh5eBqlC8Wvo9vvhS3ZhIvcswV2uS/ubkTRPSQsN557EZiYUSSoZNxizG+alN4wjtdyLdcyw=="
      },
      "Microsoft.Extensions.Options": {
        "type": "Transitive",
        "resolved": "6.0.0",
        "contentHash": "dzXN0+V1AyjOe2xcJ86Qbo233KHuLEY0njf/P2Kw8SfJU+d45HNS2ctJdnEnrWbM9Ye2eFgaC5Mj9otRMU6IsQ==",
        "dependencies": {
          "Microsoft.Extensions.DependencyInjection.Abstractions": "6.0.0",
          "Microsoft.Extensions.Primitives": "6.0.0"
        }
      },
      "Microsoft.Extensions.Options.DataAnnotations": {
        "type": "Transitive",
        "resolved": "6.0.0",
        "contentHash": "Fvs4plZYQT/iF/JsYwP/pppQRvQC211enBjCoIu/355M+aunlzSyzN/n3wPibyY76794MFLkLVT47JCBc3porg==",
        "dependencies": {
          "Microsoft.Extensions.DependencyInjection.Abstractions": "6.0.0",
          "Microsoft.Extensions.Options": "6.0.0",
          "System.ComponentModel.Annotations": "5.0.0"
        }
      },
      "Microsoft.Extensions.Primitives": {
        "type": "Transitive",
        "resolved": "6.0.0",
        "contentHash": "9+PnzmQFfEFNR9J2aDTfJGGupShHjOuGw4VUv+JB044biSHrnmCIMD+mJHmb2H7YryrfBEXDurxQ47gJZdCKNQ==",
        "dependencies": {
          "System.Runtime.CompilerServices.Unsafe": "6.0.0"
        }
      },
      "Microsoft.TestPlatform.ObjectModel": {
        "type": "Transitive",
        "resolved": "17.9.0",
        "contentHash": "1ilw/8vgmjLyKU+2SKXKXaOqpYFJCQfGqGz+x0cosl981VzjrY74Sv6qAJv+neZMZ9ZMxF3ArN6kotaQ4uvEBw==",
        "dependencies": {
          "System.Reflection.Metadata": "1.6.0"
        }
      },
      "Microsoft.TestPlatform.TestHost": {
        "type": "Transitive",
        "resolved": "17.9.0",
        "contentHash": "Spmg7Wx49Ya3SxBjyeAR+nQpjMTKZwTwpZ7KyeOTIqI/WHNPnBU4HUvl5kuHPQAwGWqMy4FGZja1HvEwvoaDiA==",
        "dependencies": {
          "Microsoft.TestPlatform.ObjectModel": "17.9.0",
          "Newtonsoft.Json": "13.0.1"
        }
      },
      "Newtonsoft.Json": {
        "type": "Transitive",
        "resolved": "13.0.1",
        "contentHash": "ppPFpBcvxdsfUonNcvITKqLl3bqxWbDCZIzDWHzjpdAHRFfZe0Dw9HmA0+za13IdyrgJwpkDTDA9fHaxOrt20A=="
      },
      "StructuredFieldValues": {
        "type": "Transitive",
        "resolved": "0.5.3",
        "contentHash": "G0uqNU82bf3dloMYkzHyThT35D64SpDK8pe2/xO1TDU39R2t1PTNuzIv1HT7OgdVOWDyZ6kKxS5H0hVVcMhvPw==",
        "dependencies": {
          "System.Memory": "4.5.5"
        }
      },
      "System.Collections.Immutable": {
        "type": "Transitive",
        "resolved": "6.0.0",
        "contentHash": "l4zZJ1WU2hqpQQHXz1rvC3etVZN+2DLmQMO79FhOTZHMn8tDRr+WU287sbomD0BETlmKDn0ygUgVy9k5xkkJdA==",
        "dependencies": {
          "System.Runtime.CompilerServices.Unsafe": "6.0.0"
        }
      },
      "System.ComponentModel.Annotations": {
        "type": "Transitive",
        "resolved": "5.0.0",
        "contentHash": "dMkqfy2el8A8/I76n2Hi1oBFEbG1SfxD2l5nhwXV3XjlnOmwxJlQbYpJH4W51odnU9sARCSAgv7S3CyAFMkpYg=="
      },
      "System.Memory": {
        "type": "Transitive",
        "resolved": "4.5.5",
        "contentHash": "XIWiDvKPXaTveaB7HVganDlOCRoj03l+jrwNvcge/t8vhGYKvqV+dMv6G4SAX2NoNmN0wZfVPTAlFwZcZvVOUw=="
      },
      "System.Reflection.Metadata": {
        "type": "Transitive",
        "resolved": "1.6.0",
        "contentHash": "COC1aiAJjCoA5GBF+QKL2uLqEBew4JsCkQmoHKbN3TlOZKa2fKLz5CpiRQKDz0RsAOEGsVKqOD5bomsXq/4STQ=="
      },
      "System.Runtime.CompilerServices.Unsafe": {
        "type": "Transitive",
        "resolved": "6.0.0",
        "contentHash": "/iUeP3tq1S0XdNNoMz5C9twLSrM/TH+qElHkXWaPvuNOt+99G75NrV0OS2EqHx5wMN7popYjpc8oTjC1y16DLg=="
      },
      "xunit.abstractions": {
        "type": "Transitive",
        "resolved": "2.0.3",
        "contentHash": "pot1I4YOxlWjIb5jmwvvQNbTrZ3lJQ+jUGkGjWE3hEFM0l5gOnBWS+H3qsex68s5cO52g+44vpGzhAt+42vwKg=="
      },
      "xunit.analyzers": {
        "type": "Transitive",
        "resolved": "1.11.0",
        "contentHash": "SCv+Ihxv+fCqotGeM8sVwLhw8nzAJ2aFRN5lcoKn9QtGdbVJ79JqDc+4u8/Ddnp2udxtmv+xYFWkHNlb/sk01w=="
      },
      "xunit.assert": {
        "type": "Transitive",
        "resolved": "2.7.0",
        "contentHash": "CCTs3bUhmIS4tDwK6Cn/IiabG3RhYzdf65eIkO7u9/grKoN9MrN780LzVED3E8v+vwmmj7b5TW3/GFuZHPAzWA=="
      },
      "xunit.core": {
        "type": "Transitive",
        "resolved": "2.7.0",
        "contentHash": "98tzqYAbtc/p/2Ba455XTNbD12Qoo8kPehjC4oDT46CAsLli5JOCU9hFF2MV3HHWMw/Y3yFUV2Vcukplbs6kuA==",
        "dependencies": {
          "xunit.extensibility.core": "[2.7.0]",
          "xunit.extensibility.execution": "[2.7.0]"
        }
      },
      "xunit.extensibility.core": {
        "type": "Transitive",
        "resolved": "2.7.0",
        "contentHash": "JLnx4PI0vn1Xr1Ust6ydrp2t/ktm2dyGPAVoDJV5gQuvBMSbd2K7WGzODa2ttiz030CeQ8nbsXl05+cvf7QNyA==",
        "dependencies": {
          "xunit.abstractions": "2.0.3"
        }
      },
      "xunit.extensibility.execution": {
        "type": "Transitive",
        "resolved": "2.7.0",
        "contentHash": "bjY+crT1jOyxKagFjCMdEVzoenO2v66ru8+CK/0UaXvyG4U9Q3UTieJkbQXbi7/1yZIK1sGh01l5/jh2CwLJtQ==",
        "dependencies": {
          "xunit.extensibility.core": "[2.7.0]"
        }
      },
      "nsign.abstractions": {
        "type": "Project",
        "dependencies": {
          "Microsoft.Extensions.Logging.Abstractions": "[6.0.*, )",
          "Microsoft.Extensions.Options": "[6.0.*, )",
          "Microsoft.Extensions.Options.DataAnnotations": "[6.0.*, )",
          "StructuredFieldValues": "[0.*, )",
          "System.Collections.Immutable": "[6.0.*, )"
        }
      },
      "nsign.bouncycastle": {
        "type": "Project",
        "dependencies": {
          "BouncyCastle.Cryptography": "[2.*, )",
          "NSign.Abstractions": "[1.0.0, )"
        }
      }
    },
    "net7.0": {
      "coverlet.collector": {
        "type": "Direct",
        "requested": "[6.*, )",
        "resolved": "6.0.0",
        "contentHash": "tW3lsNS+dAEII6YGUX/VMoJjBS1QvsxqJeqLaJXub08y1FSjasFPtQ4UBUsudE9PNrzLjooClMsPtY2cZLdXpQ=="
      },
      "Microsoft.NET.Test.Sdk": {
        "type": "Direct",
        "requested": "[17.*, )",
        "resolved": "17.9.0",
        "contentHash": "7GUNAUbJYn644jzwLm5BD3a2p9C1dmP8Hr6fDPDxgItQk9hBs1Svdxzz07KQ/UphMSmgza9AbijBJGmw5D658A==",
        "dependencies": {
          "Microsoft.CodeCoverage": "17.9.0",
          "Microsoft.TestPlatform.TestHost": "17.9.0"
        }
      },
      "xunit": {
        "type": "Direct",
        "requested": "[2.*, )",
        "resolved": "2.7.0",
        "contentHash": "KcCI5zxh8zbUfQTeErc4oT7YokViVND2V0p4vDJ2VD4lhF9V5qCYMMDNixme7FdwYy3SwPHF+2xC2Dq4Z9GSlA==",
        "dependencies": {
          "xunit.analyzers": "1.11.0",
          "xunit.assert": "2.7.0",
          "xunit.core": "[2.7.0]"
        }
      },
      "xunit.runner.visualstudio": {
        "type": "Direct",
        "requested": "[2.*, )",
        "resolved": "2.5.7",
        "contentHash": "31Rl7dBJriX0DNwZfDp8gqFOPsiM0c9kqpcH/HvNi9vDp+K7Ydf42H7mVIvYT918Ywzn1ymLg1c4DDC6iU754w=="
      },
      "BouncyCastle.Cryptography": {
        "type": "Transitive",
        "resolved": "2.3.0",
        "contentHash": "IaVIiYxZLaBulveGDRUx/pBoW/Rc8QeXGF5u2E8xL8RWhVKCgfmtX9NUyGRbnSqnbFQU2zyP3MkXIdH+jUuQBw=="
      },
      "Microsoft.CodeCoverage": {
        "type": "Transitive",
        "resolved": "17.9.0",
        "contentHash": "RGD37ZSrratfScYXm7M0HjvxMxZyWZL4jm+XgMZbkIY1UPgjUpbNA/t+WTGj/rC/0Hm9A3IrH3ywbKZkOCnoZA=="
      },
      "Microsoft.Extensions.DependencyInjection.Abstractions": {
        "type": "Transitive",
        "resolved": "7.0.0",
        "contentHash": "h3j/QfmFN4S0w4C2A6X7arXij/M/OVw3uQHSOFxnND4DyAzO1F9eMX7Eti7lU/OkSthEE0WzRsfT/Dmx86jzCw=="
      },
      "Microsoft.Extensions.Logging.Abstractions": {
        "type": "Transitive",
        "resolved": "7.0.1",
        "contentHash": "pkeBFx0vqMW/A3aUVHh7MPu3WkBhaVlezhSZeb1c9XD0vUReYH1TLFSy5MxJgZfmz5LZzYoErMorlYZiwpOoNA=="
      },
      "Microsoft.Extensions.Options": {
        "type": "Transitive",
        "resolved": "7.0.1",
        "contentHash": "pZRDYdN1FpepOIfHU62QoBQ6zdAoTvnjxFfqAzEd9Jhb2dfhA5i6jeTdgGgcgTWFRC7oT0+3XrbQu4LjvgX1Nw==",
        "dependencies": {
          "Microsoft.Extensions.DependencyInjection.Abstractions": "7.0.0",
          "Microsoft.Extensions.Primitives": "7.0.0"
        }
      },
      "Microsoft.Extensions.Options.DataAnnotations": {
        "type": "Transitive",
        "resolved": "7.0.0",
        "contentHash": "57cONN+EcyypxCmDlaJOL7tdeYMiRNVZmv2m7hi41zAu03p+r6jbGTx7bykg3o4GYPRQjsi0FGhjLn5XuVHM1Q==",
        "dependencies": {
          "Microsoft.Extensions.DependencyInjection.Abstractions": "7.0.0",
          "Microsoft.Extensions.Options": "7.0.0"
        }
      },
      "Microsoft.Extensions.Primitives": {
        "type": "Transitive",
        "resolved": "7.0.0",
        "contentHash": "um1KU5kxcRp3CNuI8o/GrZtD4AIOXDk+RLsytjZ9QPok3ttLUelLKpilVPuaFT3TFjOhSibUAso0odbOaCDj3Q=="
      },
      "Microsoft.TestPlatform.ObjectModel": {
        "type": "Transitive",
        "resolved": "17.9.0",
        "contentHash": "1ilw/8vgmjLyKU+2SKXKXaOqpYFJCQfGqGz+x0cosl981VzjrY74Sv6qAJv+neZMZ9ZMxF3ArN6kotaQ4uvEBw==",
        "dependencies": {
          "System.Reflection.Metadata": "1.6.0"
        }
      },
      "Microsoft.TestPlatform.TestHost": {
        "type": "Transitive",
        "resolved": "17.9.0",
        "contentHash": "Spmg7Wx49Ya3SxBjyeAR+nQpjMTKZwTwpZ7KyeOTIqI/WHNPnBU4HUvl5kuHPQAwGWqMy4FGZja1HvEwvoaDiA==",
        "dependencies": {
          "Microsoft.TestPlatform.ObjectModel": "17.9.0",
          "Newtonsoft.Json": "13.0.1"
        }
      },
      "Newtonsoft.Json": {
        "type": "Transitive",
        "resolved": "13.0.1",
        "contentHash": "ppPFpBcvxdsfUonNcvITKqLl3bqxWbDCZIzDWHzjpdAHRFfZe0Dw9HmA0+za13IdyrgJwpkDTDA9fHaxOrt20A=="
      },
      "StructuredFieldValues": {
        "type": "Transitive",
        "resolved": "0.5.3",
        "contentHash": "G0uqNU82bf3dloMYkzHyThT35D64SpDK8pe2/xO1TDU39R2t1PTNuzIv1HT7OgdVOWDyZ6kKxS5H0hVVcMhvPw==",
        "dependencies": {
          "System.Memory": "4.5.5"
        }
      },
      "System.Collections.Immutable": {
        "type": "Transitive",
        "resolved": "7.0.0",
        "contentHash": "dQPcs0U1IKnBdRDBkrCTi1FoajSTBzLcVTpjO4MBCMC7f4pDOIPzgBoX8JjG7X6uZRJ8EBxsi8+DR1JuwjnzOQ=="
      },
      "System.Memory": {
        "type": "Transitive",
        "resolved": "4.5.5",
        "contentHash": "XIWiDvKPXaTveaB7HVganDlOCRoj03l+jrwNvcge/t8vhGYKvqV+dMv6G4SAX2NoNmN0wZfVPTAlFwZcZvVOUw=="
      },
      "System.Reflection.Metadata": {
        "type": "Transitive",
        "resolved": "1.6.0",
        "contentHash": "COC1aiAJjCoA5GBF+QKL2uLqEBew4JsCkQmoHKbN3TlOZKa2fKLz5CpiRQKDz0RsAOEGsVKqOD5bomsXq/4STQ=="
      },
      "xunit.abstractions": {
        "type": "Transitive",
        "resolved": "2.0.3",
        "contentHash": "pot1I4YOxlWjIb5jmwvvQNbTrZ3lJQ+jUGkGjWE3hEFM0l5gOnBWS+H3qsex68s5cO52g+44vpGzhAt+42vwKg=="
      },
      "xunit.analyzers": {
        "type": "Transitive",
        "resolved": "1.11.0",
        "contentHash": "SCv+Ihxv+fCqotGeM8sVwLhw8nzAJ2aFRN5lcoKn9QtGdbVJ79JqDc+4u8/Ddnp2udxtmv+xYFWkHNlb/sk01w=="
      },
      "xunit.assert": {
        "type": "Transitive",
        "resolved": "2.7.0",
        "contentHash": "CCTs3bUhmIS4tDwK6Cn/IiabG3RhYzdf65eIkO7u9/grKoN9MrN780LzVED3E8v+vwmmj7b5TW3/GFuZHPAzWA=="
      },
      "xunit.core": {
        "type": "Transitive",
        "resolved": "2.7.0",
        "contentHash": "98tzqYAbtc/p/2Ba455XTNbD12Qoo8kPehjC4oDT46CAsLli5JOCU9hFF2MV3HHWMw/Y3yFUV2Vcukplbs6kuA==",
        "dependencies": {
          "xunit.extensibility.core": "[2.7.0]",
          "xunit.extensibility.execution": "[2.7.0]"
        }
      },
      "xunit.extensibility.core": {
        "type": "Transitive",
        "resolved": "2.7.0",
        "contentHash": "JLnx4PI0vn1Xr1Ust6ydrp2t/ktm2dyGPAVoDJV5gQuvBMSbd2K7WGzODa2ttiz030CeQ8nbsXl05+cvf7QNyA==",
        "dependencies": {
          "xunit.abstractions": "2.0.3"
        }
      },
      "xunit.extensibility.execution": {
        "type": "Transitive",
        "resolved": "2.7.0",
        "contentHash": "bjY+crT1jOyxKagFjCMdEVzoenO2v66ru8+CK/0UaXvyG4U9Q3UTieJkbQXbi7/1yZIK1sGh01l5/jh2CwLJtQ==",
        "dependencies": {
          "xunit.extensibility.core": "[2.7.0]"
        }
      },
      "nsign.abstractions": {
        "type": "Project",
        "dependencies": {
          "Microsoft.Extensions.Logging.Abstractions": "[7.0.*, )",
          "Microsoft.Extensions.Options": "[7.0.*, )",
          "Microsoft.Extensions.Options.DataAnnotations": "[7.0.*, )",
          "StructuredFieldValues": "[0.*, )",
          "System.Collections.Immutable": "[7.0.*, )"
        }
      },
      "nsign.bouncycastle": {
        "type": "Project",
        "dependencies": {
          "BouncyCastle.Cryptography": "[2.*, )",
          "NSign.Abstractions": "[1.0.0, )"
        }
      }
    },
    "net8.0": {
      "coverlet.collector": {
        "type": "Direct",
        "requested": "[6.*, )",
        "resolved": "6.0.0",
        "contentHash": "tW3lsNS+dAEII6YGUX/VMoJjBS1QvsxqJeqLaJXub08y1FSjasFPtQ4UBUsudE9PNrzLjooClMsPtY2cZLdXpQ=="
      },
      "Microsoft.NET.Test.Sdk": {
        "type": "Direct",
        "requested": "[17.*, )",
        "resolved": "17.9.0",
        "contentHash": "7GUNAUbJYn644jzwLm5BD3a2p9C1dmP8Hr6fDPDxgItQk9hBs1Svdxzz07KQ/UphMSmgza9AbijBJGmw5D658A==",
        "dependencies": {
          "Microsoft.CodeCoverage": "17.9.0",
          "Microsoft.TestPlatform.TestHost": "17.9.0"
        }
      },
      "xunit": {
        "type": "Direct",
        "requested": "[2.*, )",
        "resolved": "2.7.0",
        "contentHash": "KcCI5zxh8zbUfQTeErc4oT7YokViVND2V0p4vDJ2VD4lhF9V5qCYMMDNixme7FdwYy3SwPHF+2xC2Dq4Z9GSlA==",
        "dependencies": {
          "xunit.analyzers": "1.11.0",
          "xunit.assert": "2.7.0",
          "xunit.core": "[2.7.0]"
        }
      },
      "xunit.runner.visualstudio": {
        "type": "Direct",
        "requested": "[2.*, )",
        "resolved": "2.5.7",
        "contentHash": "31Rl7dBJriX0DNwZfDp8gqFOPsiM0c9kqpcH/HvNi9vDp+K7Ydf42H7mVIvYT918Ywzn1ymLg1c4DDC6iU754w=="
      },
      "BouncyCastle.Cryptography": {
        "type": "Transitive",
        "resolved": "2.3.0",
        "contentHash": "IaVIiYxZLaBulveGDRUx/pBoW/Rc8QeXGF5u2E8xL8RWhVKCgfmtX9NUyGRbnSqnbFQU2zyP3MkXIdH+jUuQBw=="
      },
      "Microsoft.CodeCoverage": {
        "type": "Transitive",
        "resolved": "17.9.0",
        "contentHash": "RGD37ZSrratfScYXm7M0HjvxMxZyWZL4jm+XgMZbkIY1UPgjUpbNA/t+WTGj/rC/0Hm9A3IrH3ywbKZkOCnoZA=="
      },
      "Microsoft.Extensions.DependencyInjection.Abstractions": {
        "type": "Transitive",
        "resolved": "8.0.0",
        "contentHash": "cjWrLkJXK0rs4zofsK4bSdg+jhDLTaxrkXu4gS6Y7MAlCvRyNNgwY/lJi5RDlQOnSZweHqoyvgvbdvQsRIW+hg=="
      },
      "Microsoft.Extensions.Logging.Abstractions": {
        "type": "Transitive",
        "resolved": "8.0.0",
        "contentHash": "arDBqTgFCyS0EvRV7O3MZturChstm50OJ0y9bDJvAcmEPJm0FFpFyjU/JLYyStNGGey081DvnQYlncNX5SJJGA==",
        "dependencies": {
          "Microsoft.Extensions.DependencyInjection.Abstractions": "8.0.0"
        }
      },
      "Microsoft.Extensions.Options": {
        "type": "Transitive",
        "resolved": "8.0.2",
        "contentHash": "dWGKvhFybsaZpGmzkGCbNNwBD1rVlWzrZKANLW/CcbFJpCEceMCGzT7zZwHOGBCbwM0SzBuceMj5HN1LKV1QqA==",
        "dependencies": {
          "Microsoft.Extensions.DependencyInjection.Abstractions": "8.0.0",
          "Microsoft.Extensions.Primitives": "8.0.0"
        }
      },
      "Microsoft.Extensions.Options.DataAnnotations": {
        "type": "Transitive",
        "resolved": "8.0.0",
        "contentHash": "z6p6q/N/hiU19A9tK7pjhXHpiYArO4oIICipxUviBEIOiDIoKRO7k6qItvw7alKcLtfHZOWmspuSKpvIvH0N8w==",
        "dependencies": {
          "Microsoft.Extensions.DependencyInjection.Abstractions": "8.0.0",
          "Microsoft.Extensions.Options": "8.0.0"
        }
      },
      "Microsoft.Extensions.Primitives": {
        "type": "Transitive",
        "resolved": "8.0.0",
        "contentHash": "bXJEZrW9ny8vjMF1JV253WeLhpEVzFo1lyaZu1vQ4ZxWUlVvknZ/+ftFgVheLubb4eZPSwwxBeqS1JkCOjxd8g=="
      },
      "Microsoft.TestPlatform.ObjectModel": {
        "type": "Transitive",
        "resolved": "17.9.0",
        "contentHash": "1ilw/8vgmjLyKU+2SKXKXaOqpYFJCQfGqGz+x0cosl981VzjrY74Sv6qAJv+neZMZ9ZMxF3ArN6kotaQ4uvEBw==",
        "dependencies": {
          "System.Reflection.Metadata": "1.6.0"
        }
      },
      "Microsoft.TestPlatform.TestHost": {
        "type": "Transitive",
        "resolved": "17.9.0",
        "contentHash": "Spmg7Wx49Ya3SxBjyeAR+nQpjMTKZwTwpZ7KyeOTIqI/WHNPnBU4HUvl5kuHPQAwGWqMy4FGZja1HvEwvoaDiA==",
        "dependencies": {
          "Microsoft.TestPlatform.ObjectModel": "17.9.0",
          "Newtonsoft.Json": "13.0.1"
        }
      },
      "Newtonsoft.Json": {
        "type": "Transitive",
        "resolved": "13.0.1",
        "contentHash": "ppPFpBcvxdsfUonNcvITKqLl3bqxWbDCZIzDWHzjpdAHRFfZe0Dw9HmA0+za13IdyrgJwpkDTDA9fHaxOrt20A=="
      },
      "StructuredFieldValues": {
        "type": "Transitive",
        "resolved": "0.5.3",
        "contentHash": "G0uqNU82bf3dloMYkzHyThT35D64SpDK8pe2/xO1TDU39R2t1PTNuzIv1HT7OgdVOWDyZ6kKxS5H0hVVcMhvPw==",
        "dependencies": {
          "System.Memory": "4.5.5"
        }
      },
      "System.Collections.Immutable": {
        "type": "Transitive",
        "resolved": "8.0.0",
        "contentHash": "AurL6Y5BA1WotzlEvVaIDpqzpIPvYnnldxru8oXJU2yFxFUy3+pNXjXd1ymO+RA0rq0+590Q8gaz2l3Sr7fmqg=="
      },
      "System.Memory": {
        "type": "Transitive",
        "resolved": "4.5.5",
        "contentHash": "XIWiDvKPXaTveaB7HVganDlOCRoj03l+jrwNvcge/t8vhGYKvqV+dMv6G4SAX2NoNmN0wZfVPTAlFwZcZvVOUw=="
      },
      "System.Reflection.Metadata": {
        "type": "Transitive",
        "resolved": "1.6.0",
        "contentHash": "COC1aiAJjCoA5GBF+QKL2uLqEBew4JsCkQmoHKbN3TlOZKa2fKLz5CpiRQKDz0RsAOEGsVKqOD5bomsXq/4STQ=="
      },
      "xunit.abstractions": {
        "type": "Transitive",
        "resolved": "2.0.3",
        "contentHash": "pot1I4YOxlWjIb5jmwvvQNbTrZ3lJQ+jUGkGjWE3hEFM0l5gOnBWS+H3qsex68s5cO52g+44vpGzhAt+42vwKg=="
      },
      "xunit.analyzers": {
        "type": "Transitive",
        "resolved": "1.11.0",
        "contentHash": "SCv+Ihxv+fCqotGeM8sVwLhw8nzAJ2aFRN5lcoKn9QtGdbVJ79JqDc+4u8/Ddnp2udxtmv+xYFWkHNlb/sk01w=="
      },
      "xunit.assert": {
        "type": "Transitive",
        "resolved": "2.7.0",
        "contentHash": "CCTs3bUhmIS4tDwK6Cn/IiabG3RhYzdf65eIkO7u9/grKoN9MrN780LzVED3E8v+vwmmj7b5TW3/GFuZHPAzWA=="
      },
      "xunit.core": {
        "type": "Transitive",
        "resolved": "2.7.0",
        "contentHash": "98tzqYAbtc/p/2Ba455XTNbD12Qoo8kPehjC4oDT46CAsLli5JOCU9hFF2MV3HHWMw/Y3yFUV2Vcukplbs6kuA==",
        "dependencies": {
          "xunit.extensibility.core": "[2.7.0]",
          "xunit.extensibility.execution": "[2.7.0]"
        }
      },
      "xunit.extensibility.core": {
        "type": "Transitive",
        "resolved": "2.7.0",
        "contentHash": "JLnx4PI0vn1Xr1Ust6ydrp2t/ktm2dyGPAVoDJV5gQuvBMSbd2K7WGzODa2ttiz030CeQ8nbsXl05+cvf7QNyA==",
        "dependencies": {
          "xunit.abstractions": "2.0.3"
        }
      },
      "xunit.extensibility.execution": {
        "type": "Transitive",
        "resolved": "2.7.0",
        "contentHash": "bjY+crT1jOyxKagFjCMdEVzoenO2v66ru8+CK/0UaXvyG4U9Q3UTieJkbQXbi7/1yZIK1sGh01l5/jh2CwLJtQ==",
        "dependencies": {
          "xunit.extensibility.core": "[2.7.0]"
        }
      },
      "nsign.abstractions": {
        "type": "Project",
        "dependencies": {
          "Microsoft.Extensions.Logging.Abstractions": "[8.0.*, )",
          "Microsoft.Extensions.Options": "[8.0.*, )",
          "Microsoft.Extensions.Options.DataAnnotations": "[8.0.*, )",
          "StructuredFieldValues": "[0.*, )",
          "System.Collections.Immutable": "[8.0.*, )"
        }
      },
      "nsign.bouncycastle": {
        "type": "Project",
        "dependencies": {
          "BouncyCastle.Cryptography": "[2.*, )",
          "NSign.Abstractions": "[1.0.0, )"
        }
      }
    }
  }
}