{
  "version": 1,
  "dependencies": {
    "net10.0": {
      "StructuredFieldValues": {
        "type": "Transitive",
        "resolved": "0.7.7",
        "contentHash": "eqrFBXmowuor0M6KLjbkm8tfjADW9Jqy2rQi+SUrNkwU/AuDVHgHLAWmRhHiYVhq57QYzZNmdyKnsYWJTW0d/g=="
      },
      "nsign.abstractions": {
        "type": "Project",
        "dependencies": {
          "StructuredFieldValues": "[0.*, )"
        }
      },
      "nsign.aspnetcore": {
        "type": "Project",
        "dependencies": {
          "NSign.Abstractions": "[1.0.0, )",
          "StructuredFieldValues": "[0.*, )"
        }
      },
      "nsign.signatureproviders": {
        "type": "Project",
        "dependencies": {
          "NSign.Abstractions": "[1.0.0, )"
        }
      }
    }
  }
}