{
  "version": 1,
  "dependencies": {
    "net8.0": {
      "Microsoft.Extensions.DependencyInjection.Abstractions": {
        "type": "Transitive",
        "resolved": "8.0.2",
        "contentHash": "3iE7UF7MQkCv1cxzCahz+Y/guQbTqieyxyaWKhrRO91itI9cOKO76OHeQDahqG4MmW5umr3CcCvGmK92lWNlbg=="
      },
      "Microsoft.Extensions.Logging.Abstractions": {
        "type": "Transitive",
        "resolved": "8.0.3",
        "contentHash": "dL0QGToTxggRLMYY4ZYX5AMwBb+byQBd/5dMiZE07Nv73o6I5Are3C7eQTh7K2+A4ct0PVISSr7TZANbiNb2yQ==",
        "dependencies": {
          "Microsoft.Extensions.DependencyInjection.Abstractions": "8.0.2"
        }
      },
      "Microsoft.Extensions.Options": {
        "type": "Transitive",
        "resolved": "8.0.2",
        "contentHash": "dWGKvhFybsaZpGmzkGCbNNwBD1rVlWzrZKANLW/CcbFJpCEceMCGzT7zZwHOGBCbwM0SzBuceMj5HN1LKV1QqA==",
        "dependencies": {
          "Microsoft.Extensions.DependencyInjection.Abstractions": "8.0.0",
          "Microsoft.Extensions.Primitives": "8.0.0"
        }
      },
      "Microsoft.Extensions.Options.DataAnnotations": {
        "type": "Transitive",
        "resolved": "8.0.0",
        "contentHash": "z6p6q/N/hiU19A9tK7pjhXHpiYArO4oIICipxUviBEIOiDIoKRO7k6qItvw7alKcLtfHZOWmspuSKpvIvH0N8w==",
        "dependencies": {
          "Microsoft.Extensions.DependencyInjection.Abstractions": "8.0.0",
          "Microsoft.Extensions.Options": "8.0.0"
        }
      },
      "Microsoft.Extensions.Primitives": {
        "type": "Transitive",
        "resolved": "8.0.0",
        "contentHash": "bXJEZrW9ny8vjMF1JV253WeLhpEVzFo1lyaZu1vQ4ZxWUlVvknZ/+ftFgVheLubb4eZPSwwxBeqS1JkCOjxd8g=="
      },
      "StructuredFieldValues": {
        "type": "Transitive",
        "resolved": "0.7.6",
        "contentHash": "4cz+5Oxeb8pN19k0XqaACJYXwMAn25wxRw0h1KL+hcAXOAxGl9ArH7Jx0y3FyPao2VxSAbj0UJUkE8/i8XReoA=="
      },
      "System.Collections.Immutable": {
        "type": "Transitive",
        "resolved": "8.0.0",
        "contentHash": "AurL6Y5BA1WotzlEvVaIDpqzpIPvYnnldxru8oXJU2yFxFUy3+pNXjXd1ymO+RA0rq0+590Q8gaz2l3Sr7fmqg=="
      },
      "nsign.abstractions": {
        "type": "Project",
        "dependencies": {
          "Microsoft.Extensions.Logging.Abstractions": "[8.0.*, )",
          "Microsoft.Extensions.Options": "[8.0.*, )",
          "Microsoft.Extensions.Options.DataAnnotations": "[8.0.*, )",
          "StructuredFieldValues": "[0.*, )",
          "System.Collections.Immutable": "[8.0.*, )"
        }
      },
      "nsign.aspnetcore": {
        "type": "Project",
        "dependencies": {
          "NSign.Abstractions": "[1.0.0, )",
          "StructuredFieldValues": "[0.*, )"
        }
      },
      "nsign.signatureproviders": {
        "type": "Project",
        "dependencies": {
          "NSign.Abstractions": "[1.0.0, )"
        }
      }
    }
  }
}